Name: Ian Pollock
Campus: East Bay
College: College of Letters, Arts, and Social Sciences
Department: Art
Title: Associate Professor
Email: ian.pollock@csueastbay.edu
Research Interests: 'Sustainability in design and education, New
  media art, Social justice and inclusive design, Collaborative and experiential learning.'
Teaching Interests: ''
Sustainability Contributions: Made the project Guerrilla Grafters that grafts fruit-bearing
  branches onto ornamental city trees, addressing sustainability and food access.
Notes: 'Author of: I don''t know why Jessica Santone said art and design instead of
  just art for the department.'
