Name: Michael Block
Campus: Dominguez Hills
College: ''
Department: History
Title: ''
Email: ''
Research Interests: Early American history; History of California; U.S. West; Business
  history; Environmental History; Maritime history
Teaching Interests: ''
Sustainability Contributions: ''
Notes: ''
